// !$*UTF8*$!
{
	archiveVersion = 1;
	classes = {
	};
	objectVersion = 55;
	objects = {

/* Begin PBXBuildFile section */
		6A2788CC27E618FE00256A73 /* ohio_healthApp.swift in Sources */ = {isa = PBXBuildFile; fileRef = 6A2788CB27E618FE00256A73 /* ohio_healthApp.swift */; };
		6A2788CE27E618FE00256A73 /* ContentView.swift in Sources */ = {isa = PBXBuildFile; fileRef = 6A2788CD27E618FE00256A73 /* ContentView.swift */; };
		6A2788D027E6190000256A73 /* Assets.xcassets in Resources */ = {isa = PBXBuildFile; fileRef = 6A2788CF27E6190000256A73 /* Assets.xcassets */; };
		6A2788D327E6190000256A73 /* Preview Assets.xcassets in Resources */ = {isa = PBXBuildFile; fileRef = 6A2788D227E6190000256A73 /* Preview Assets.xcassets */; };
		6A2788DD27E6190000256A73 /* ohio_healthTests.swift in Sources */ = {isa = PBXBuildFile; fileRef = 6A2788DC27E6190000256A73 /* ohio_healthTests.swift */; };
		6A2788E727E6190000256A73 /* ohio_healthUITests.swift in Sources */ = {isa = PBXBuildFile; fileRef = 6A2788E627E6190000256A73 /* ohio_healthUITests.swift */; };
		6A2788E927E6190000256A73 /* ohio_healthUITestsLaunchTests.swift in Sources */ = {isa = PBXBuildFile; fileRef = 6A2788E827E6190000256A73 /* ohio_healthUITestsLaunchTests.swift */; };
		6A2788F727E61AEA00256A73 /* Speech.framework in Frameworks */ = {isa = PBXBuildFile; fileRef = 6A2788F627E61AEA00256A73 /* Speech.framework */; };
		6A2788F927E622DE00256A73 /* AVFoundation.framework in Frameworks */ = {isa = PBXBuildFile; fileRef = 6A2788F827E622DE00256A73 /* AVFoundation.framework */; };
		6A2788FB27E6431400256A73 /* SpeechEngine.swift in Sources */ = {isa = PBXBuildFile; fileRef = 6A2788FA27E6431400256A73 /* SpeechEngine.swift */; };
		6A2788FC27E6431400256A73 /* SpeechEngine.swift in Sources */ = {isa = PBXBuildFile; fileRef = 6A2788FA27E6431400256A73 /* SpeechEngine.swift */; };
		6A2788FD27E6431400256A73 /* SpeechEngine.swift in Sources */ = {isa = PBXBuildFile; fileRef = 6A2788FA27E6431400256A73 /* SpeechEngine.swift */; };
		6A2788FF27E686D900256A73 /* PlaybackView.swift in Sources */ = {isa = PBXBuildFile; fileRef = 6A2788FE27E686D800256A73 /* PlaybackView.swift */; };
		6A27890027E686D900256A73 /* PlaybackView.swift in Sources */ = {isa = PBXBuildFile; fileRef = 6A2788FE27E686D800256A73 /* PlaybackView.swift */; };
		6A27890127E686D900256A73 /* PlaybackView.swift in Sources */ = {isa = PBXBuildFile; fileRef = 6A2788FE27E686D800256A73 /* PlaybackView.swift */; };
/* End PBXBuildFile section */

/* Begin PBXContainerItemProxy section */
		6A2788D927E6190000256A73 /* PBXContainerItemProxy */ = {
			isa = PBXContainerItemProxy;
			containerPortal = 6A2788C027E618FE00256A73 /* Project object */;
			proxyType = 1;
			remoteGlobalIDString = 6A2788C727E618FE00256A73;
			remoteInfo = "ohio-health";
		};
		6A2788E327E6190000256A73 /* PBXContainerItemProxy */ = {
			isa = PBXContainerItemProxy;
			containerPortal = 6A2788C027E618FE00256A73 /* Project object */;
			proxyType = 1;
			remoteGlobalIDString = 6A2788C727E618FE00256A73;
			remoteInfo = "ohio-health";
		};
/* End PBXContainerItemProxy section */

/* Begin PBXFileReference section */
		6A2788C827E618FE00256A73 /* ohio-health.app */ = {isa = PBXFileReference; explicitFileType = wrapper.application; includeInIndex = 0; path = "ohio-health.app"; sourceTree = BUILT_PRODUCTS_DIR; };
		6A2788CB27E618FE00256A73 /* ohio_healthApp.swift */ = {isa = PBXFileReference; lastKnownFileType = sourcecode.swift; path = ohio_healthApp.swift; sourceTree = "<group>"; };
		6A2788CD27E618FE00256A73 /* ContentView.swift */ = {isa = PBXFileReference; lastKnownFileType = sourcecode.swift; path = ContentView.swift; sourceTree = "<group>"; };
		6A2788CF27E6190000256A73 /* Assets.xcassets */ = {isa = PBXFileReference; lastKnownFileType = folder.assetcatalog; path = Assets.xcassets; sourceTree = "<group>"; };
		6A2788D227E6190000256A73 /* Preview Assets.xcassets */ = {isa = PBXFileReference; lastKnownFileType = folder.assetcatalog; path = "Preview Assets.xcassets"; sourceTree = "<group>"; };
		6A2788D827E6190000256A73 /* ohio-healthTests.xctest */ = {isa = PBXFileReference; explicitFileType = wrapper.cfbundle; includeInIndex = 0; path = "ohio-healthTests.xctest"; sourceTree = BUILT_PRODUCTS_DIR; };
		6A2788DC27E6190000256A73 /* ohio_healthTests.swift */ = {isa = PBXFileReference; lastKnownFileType = sourcecode.swift; path = ohio_healthTests.swift; sourceTree = "<group>"; };
		6A2788E227E6190000256A73 /* ohio-healthUITests.xctest */ = {isa = PBXFileReference; explicitFileType = wrapper.cfbundle; includeInIndex = 0; path = "ohio-healthUITests.xctest"; sourceTree = BUILT_PRODUCTS_DIR; };
		6A2788E627E6190000256A73 /* ohio_healthUITests.swift */ = {isa = PBXFileReference; lastKnownFileType = sourcecode.swift; path = ohio_healthUITests.swift; sourceTree = "<group>"; };
		6A2788E827E6190000256A73 /* ohio_healthUITestsLaunchTests.swift */ = {isa = PBXFileReference; lastKnownFileType = sourcecode.swift; path = ohio_healthUITestsLaunchTests.swift; sourceTree = "<group>"; };
		6A2788F627E61AEA00256A73 /* Speech.framework */ = {isa = PBXFileReference; lastKnownFileType = wrapper.framework; name = Speech.framework; path = System/Library/Frameworks/Speech.framework; sourceTree = SDKROOT; };
		6A2788F827E622DE00256A73 /* AVFoundation.framework */ = {isa = PBXFileReference; lastKnownFileType = wrapper.framework; name = AVFoundation.framework; path = System/Library/Frameworks/AVFoundation.framework; sourceTree = SDKROOT; };
		6A2788FA27E6431400256A73 /* SpeechEngine.swift */ = {isa = PBXFileReference; lastKnownFileType = sourcecode.swift; path = SpeechEngine.swift; sourceTree = "<group>"; };
		6A2788FE27E686D800256A73 /* PlaybackView.swift */ = {isa = PBXFileReference; lastKnownFileType = sourcecode.swift; path = PlaybackView.swift; sourceTree = "<group>"; };
/* End PBXFileReference section */

/* Begin PBXFrameworksBuildPhase section */
		6A2788C527E618FE00256A73 /* Frameworks */ = {
			isa = PBXFrameworksBuildPhase;
			buildActionMask = 2147483647;
			files = (
				6A2788F927E622DE00256A73 /* AVFoundation.framework in Frameworks */,
				6A2788F727E61AEA00256A73 /* Speech.framework in Frameworks */,
			);
			runOnlyForDeploymentPostprocessing = 0;
		};
		6A2788D527E6190000256A73 /* Frameworks */ = {
			isa = PBXFrameworksBuildPhase;
			buildActionMask = 2147483647;
			files = (
			);
			runOnlyForDeploymentPostprocessing = 0;
		};
		6A2788DF27E6190000256A73 /* Frameworks */ = {
			isa = PBXFrameworksBuildPhase;
			buildActionMask = 2147483647;
			files = (
			);
			runOnlyForDeploymentPostprocessing = 0;
		};
/* End PBXFrameworksBuildPhase section */

/* Begin PBXGroup section */
		6A2788BF27E618FE00256A73 = {
			isa = PBXGroup;
			children = (
				6A2788CA27E618FE00256A73 /* ohio-health */,
				6A2788DB27E6190000256A73 /* ohio-healthTests */,
				6A2788E527E6190000256A73 /* ohio-healthUITests */,
				6A2788C927E618FE00256A73 /* Products */,
				6A2788F527E61AE900256A73 /* Frameworks */,
			);
			sourceTree = "<group>";
		};
		6A2788C927E618FE00256A73 /* Products */ = {
			isa = PBXGroup;
			children = (
				6A2788C827E618FE00256A73 /* ohio-health.app */,
				6A2788D827E6190000256A73 /* ohio-healthTests.xctest */,
				6A2788E227E6190000256A73 /* ohio-healthUITests.xctest */,
			);
			name = Products;
			sourceTree = "<group>";
		};
		6A2788CA27E618FE00256A73 /* ohio-health */ = {
			isa = PBXGroup;
			children = (
				6A2788CB27E618FE00256A73 /* ohio_healthApp.swift */,
				6A2788CD27E618FE00256A73 /* ContentView.swift */,
				6A2788CF27E6190000256A73 /* Assets.xcassets */,
				6A2788D127E6190000256A73 /* Preview Content */,
				6A2788FA27E6431400256A73 /* SpeechEngine.swift */,
				6A2788FE27E686D800256A73 /* PlaybackView.swift */,
			);
			path = "ohio-health";
			sourceTree = "<group>";
		};
		6A2788D127E6190000256A73 /* Preview Content */ = {
			isa = PBXGroup;
			children = (
				6A2788D227E6190000256A73 /* Preview Assets.xcassets */,
			);
			path = "Preview Content";
			sourceTree = "<group>";
		};
		6A2788DB27E6190000256A73 /* ohio-healthTests */ = {
			isa = PBXGroup;
			children = (
				6A2788DC27E6190000256A73 /* ohio_healthTests.swift */,
			);
			path = "ohio-healthTests";
			sourceTree = "<group>";
		};
		6A2788E527E6190000256A73 /* ohio-healthUITests */ = {
			isa = PBXGroup;
			children = (
				6A2788E627E6190000256A73 /* ohio_healthUITests.swift */,
				6A2788E827E6190000256A73 /* ohio_healthUITestsLaunchTests.swift */,
			);
			path = "ohio-healthUITests";
			sourceTree = "<group>";
		};
		6A2788F527E61AE900256A73 /* Frameworks */ = {
			isa = PBXGroup;
			children = (
				6A2788F827E622DE00256A73 /* AVFoundation.framework */,
				6A2788F627E61AEA00256A73 /* Speech.framework */,
			);
			name = Frameworks;
			sourceTree = "<group>";
		};
/* End PBXGroup section */

/* Begin PBXNativeTarget section */
		6A2788C727E618FE00256A73 /* ohio-health */ = {
			isa = PBXNativeTarget;
			buildConfigurationList = 6A2788EC27E6190000256A73 /* Build configuration list for PBXNativeTarget "ohio-health" */;
			buildPhases = (
				6A2788C427E618FE00256A73 /* Sources */,
				6A2788C527E618FE00256A73 /* Frameworks */,
				6A2788C627E618FE00256A73 /* Resources */,
			);
			buildRules = (
			);
			dependencies = (
			);
			name = "ohio-health";
			productName = "ohio-health";
			productReference = 6A2788C827E618FE00256A73 /* ohio-health.app */;
			productType = "com.apple.product-type.application";
		};
		6A2788D727E6190000256A73 /* ohio-healthTests */ = {
			isa = PBXNativeTarget;
			buildConfigurationList = 6A2788EF27E6190000256A73 /* Build configuration list for PBXNativeTarget "ohio-healthTests" */;
			buildPhases = (
				6A2788D427E6190000256A73 /* Sources */,
				6A2788D527E6190000256A73 /* Frameworks */,
				6A2788D627E6190000256A73 /* Resources */,
			);
			buildRules = (
			);
			dependencies = (
				6A2788DA27E6190000256A73 /* PBXTargetDependency */,
			);
			name = "ohio-healthTests";
			productName = "ohio-healthTests";
			productReference = 6A2788D827E6190000256A73 /* ohio-healthTests.xctest */;
			productType = "com.apple.product-type.bundle.unit-test";
		};
		6A2788E127E6190000256A73 /* ohio-healthUITests */ = {
			isa = PBXNativeTarget;
			buildConfigurationList = 6A2788F227E6190000256A73 /* Build configuration list for PBXNativeTarget "ohio-healthUITests" */;
			buildPhases = (
				6A2788DE27E6190000256A73 /* Sources */,
				6A2788DF27E6190000256A73 /* Frameworks */,
				6A2788E027E6190000256A73 /* Resources */,
			);
			buildRules = (
			);
			dependencies = (
				6A2788E427E6190000256A73 /* PBXTargetDependency */,
			);
			name = "ohio-healthUITests";
			productName = "ohio-healthUITests";
			productReference = 6A2788E227E6190000256A73 /* ohio-healthUITests.xctest */;
			productType = "com.apple.product-type.bundle.ui-testing";
		};
/* End PBXNativeTarget section */

/* Begin PBXProject section */
		6A2788C027E618FE00256A73 /* Project object */ = {
			isa = PBXProject;
			attributes = {
				BuildIndependentTargetsInParallel = 1;
				LastSwiftUpdateCheck = 1320;
				LastUpgradeCheck = 1320;
				TargetAttributes = {
					6A2788C727E618FE00256A73 = {
						CreatedOnToolsVersion = 13.2.1;
					};
					6A2788D727E6190000256A73 = {
						CreatedOnToolsVersion = 13.2.1;
						TestTargetID = 6A2788C727E618FE00256A73;
					};
					6A2788E127E6190000256A73 = {
						CreatedOnToolsVersion = 13.2.1;
						TestTargetID = 6A2788C727E618FE00256A73;
					};
				};
			};
			buildConfigurationList = 6A2788C327E618FE00256A73 /* Build configuration list for PBXProject "ohio-health" */;
			compatibilityVersion = "Xcode 13.0";
			developmentRegion = en;
			hasScannedForEncodings = 0;
			knownRegions = (
				en,
				Base,
			);
			mainGroup = 6A2788BF27E618FE00256A73;
			productRefGroup = 6A2788C927E618FE00256A73 /* Products */;
			projectDirPath = "";
			projectRoot = "";
			targets = (
				6A2788C727E618FE00256A73 /* ohio-health */,
				6A2788D727E6190000256A73 /* ohio-healthTests */,
				6A2788E127E6190000256A73 /* ohio-healthUITests */,
			);
		};
/* End PBXProject section */

/* Begin PBXResourcesBuildPhase section */
		6A2788C627E618FE00256A73 /* Resources */ = {
			isa = PBXResourcesBuildPhase;
			buildActionMask = 2147483647;
			files = (
				6A2788D327E6190000256A73 /* Preview Assets.xcassets in Resources */,
				6A2788D027E6190000256A73 /* Assets.xcassets in Resources */,
			);
			runOnlyForDeploymentPostprocessing = 0;
		};
		6A2788D627E6190000256A73 /* Resources */ = {
			isa = PBXResourcesBuildPhase;
			buildActionMask = 2147483647;
			files = (
			);
			runOnlyForDeploymentPostprocessing = 0;
		};
		6A2788E027E6190000256A73 /* Resources */ = {
			isa = PBXResourcesBuildPhase;
			buildActionMask = 2147483647;
			files = (
			);
			runOnlyForDeploymentPostprocessing = 0;
		};
/* End PBXResourcesBuildPhase section */

/* Begin PBXSourcesBuildPhase section */
		6A2788C427E618FE00256A73 /* Sources */ = {
			isa = PBXSourcesBuildPhase;
			buildActionMask = 2147483647;
			files = (
				6A2788FB27E6431400256A73 /* SpeechEngine.swift in Sources */,
				6A2788CE27E618FE00256A73 /* ContentView.swift in Sources */,
				6A2788CC27E618FE00256A73 /* ohio_healthApp.swift in Sources */,
				6A2788FF27E686D900256A73 /* PlaybackView.swift in Sources */,
			);
			runOnlyForDeploymentPostprocessing = 0;
		};
		6A2788D427E6190000256A73 /* Sources */ = {
			isa = PBXSourcesBuildPhase;
			buildActionMask = 2147483647;
			files = (
				6A2788DD27E6190000256A73 /* ohio_healthTests.swift in Sources */,
				6A27890027E686D900256A73 /* PlaybackView.swift in Sources */,
				6A2788FC27E6431400256A73 /* SpeechEngine.swift in Sources */,
			);
			runOnlyForDeploymentPostprocessing = 0;
		};
		6A2788DE27E6190000256A73 /* Sources */ = {
			isa = PBXSourcesBuildPhase;
			buildActionMask = 2147483647;
			files = (
				6A2788FD27E6431400256A73 /* SpeechEngine.swift in Sources */,
				6A2788E727E6190000256A73 /* ohio_healthUITests.swift in Sources */,
				6A2788E927E6190000256A73 /* ohio_healthUITestsLaunchTests.swift in Sources */,
				6A27890127E686D900256A73 /* PlaybackView.swift in Sources */,
			);
			runOnlyForDeploymentPostprocessing = 0;
		};
/* End PBXSourcesBuildPhase section */

/* Begin PBXTargetDependency section */
		6A2788DA27E6190000256A73 /* PBXTargetDependency */ = {
			isa = PBXTargetDependency;
			target = 6A2788C727E618FE00256A73 /* ohio-health */;
			targetProxy = 6A2788D927E6190000256A73 /* PBXContainerItemProxy */;
		};
		6A2788E427E6190000256A73 /* PBXTargetDependency */ = {
			isa = PBXTargetDependency;
			target = 6A2788C727E618FE00256A73 /* ohio-health */;
			targetProxy = 6A2788E327E6190000256A73 /* PBXContainerItemProxy */;
		};
/* End PBXTargetDependency section */

/* Begin XCBuildConfiguration section */
		6A2788EA27E6190000256A73 /* Debug */ = {
			isa = XCBuildConfiguration;
			buildSettings = {
				ALWAYS_SEARCH_USER_PATHS = NO;
				CLANG_ANALYZER_NONNULL = YES;
				CLANG_ANALYZER_NUMBER_OBJECT_CONVERSION = YES_AGGRESSIVE;
				CLANG_CXX_LANGUAGE_STANDARD = "gnu++17";
				CLANG_CXX_LIBRARY = "libc++";
				CLANG_ENABLE_MODULES = YES;
				CLANG_ENABLE_OBJC_ARC = YES;
				CLANG_ENABLE_OBJC_WEAK = YES;
				CLANG_WARN_BLOCK_CAPTURE_AUTORELEASING = YES;
				CLANG_WARN_BOOL_CONVERSION = YES;
				CLANG_WARN_COMMA = YES;
				CLANG_WARN_CONSTANT_CONVERSION = YES;
				CLANG_WARN_DEPRECATED_OBJC_IMPLEMENTATIONS = YES;
				CLANG_WARN_DIRECT_OBJC_ISA_USAGE = YES_ERROR;
				CLANG_WARN_DOCUMENTATION_COMMENTS = YES;
				CLANG_WARN_EMPTY_BODY = YES;
				CLANG_WARN_ENUM_CONVERSION = YES;
				CLANG_WARN_INFINITE_RECURSION = YES;
				CLANG_WARN_INT_CONVERSION = YES;
				CLANG_WARN_NON_LITERAL_NULL_CONVERSION = YES;
				CLANG_WARN_OBJC_IMPLICIT_RETAIN_SELF = YES;
				CLANG_WARN_OBJC_LITERAL_CONVERSION = YES;
				CLANG_WARN_OBJC_ROOT_CLASS = YES_ERROR;
				CLANG_WARN_QUOTED_INCLUDE_IN_FRAMEWORK_HEADER = YES;
				CLANG_WARN_RANGE_LOOP_ANALYSIS = YES;
				CLANG_WARN_STRICT_PROTOTYPES = YES;
				CLANG_WARN_SUSPICIOUS_MOVE = YES;
				CLANG_WARN_UNGUARDED_AVAILABILITY = YES_AGGRESSIVE;
				CLANG_WARN_UNREACHABLE_CODE = YES;
				CLANG_WARN__DUPLICATE_METHOD_MATCH = YES;
				COPY_PHASE_STRIP = NO;
				DEBUG_INFORMATION_FORMAT = dwarf;
				ENABLE_STRICT_OBJC_MSGSEND = YES;
				ENABLE_TESTABILITY = YES;
				GCC_C_LANGUAGE_STANDARD = gnu11;
				GCC_DYNAMIC_NO_PIC = NO;
				GCC_NO_COMMON_BLOCKS = YES;
				GCC_OPTIMIZATION_LEVEL = 0;
				GCC_PREPROCESSOR_DEFINITIONS = (
					"DEBUG=1",
					"$(inherited)",
				);
				GCC_WARN_64_TO_32_BIT_CONVERSION = YES;
				GCC_WARN_ABOUT_RETURN_TYPE = YES_ERROR;
				GCC_WARN_UNDECLARED_SELECTOR = YES;
				GCC_WARN_UNINITIALIZED_AUTOS = YES_AGGRESSIVE;
				GCC_WARN_UNUSED_FUNCTION = YES;
				GCC_WARN_UNUSED_VARIABLE = YES;
				IPHONEOS_DEPLOYMENT_TARGET = 15.2;
				MTL_ENABLE_DEBUG_INFO = INCLUDE_SOURCE;
				MTL_FAST_MATH = YES;
				ONLY_ACTIVE_ARCH = YES;
				SDKROOT = iphoneos;
				SWIFT_ACTIVE_COMPILATION_CONDITIONS = DEBUG;
				SWIFT_OPTIMIZATION_LEVEL = "-Onone";
			};
			name = Debug;
		};
		6A2788EB27E6190000256A73 /* Release */ = {
			isa = XCBuildConfiguration;
			buildSettings = {
				ALWAYS_SEARCH_USER_PATHS = NO;
				CLANG_ANALYZER_NONNULL = YES;
				CLANG_ANALYZER_NUMBER_OBJECT_CONVERSION = YES_AGGRESSIVE;
				CLANG_CXX_LANGUAGE_STANDARD = "gnu++17";
				CLANG_CXX_LIBRARY = "libc++";
				CLANG_ENABLE_MODULES = YES;
				CLANG_ENABLE_OBJC_ARC = YES;
				CLANG_ENABLE_OBJC_WEAK = YES;
				CLANG_WARN_BLOCK_CAPTURE_AUTORELEASING = YES;
				CLANG_WARN_BOOL_CONVERSION = YES;
				CLANG_WARN_COMMA = YES;
				CLANG_WARN_CONSTANT_CONVERSION = YES;
				CLANG_WARN_DEPRECATED_OBJC_IMPLEMENTATIONS = YES;
				CLANG_WARN_DIRECT_OBJC_ISA_USAGE = YES_ERROR;
				CLANG_WARN_DOCUMENTATION_COMMENTS = YES;
				CLANG_WARN_EMPTY_BODY = YES;
				CLANG_WARN_ENUM_CONVERSION = YES;
				CLANG_WARN_INFINITE_RECURSION = YES;
				CLANG_WARN_INT_CONVERSION = YES;
				CLANG_WARN_NON_LITERAL_NULL_CONVERSION = YES;
				CLANG_WARN_OBJC_IMPLICIT_RETAIN_SELF = YES;
				CLANG_WARN_OBJC_LITERAL_CONVERSION = YES;
				CLANG_WARN_OBJC_ROOT_CLASS = YES_ERROR;
				CLANG_WARN_QUOTED_INCLUDE_IN_FRAMEWORK_HEADER = YES;
				CLANG_WARN_RANGE_LOOP_ANALYSIS = YES;
				CLANG_WARN_STRICT_PROTOTYPES = YES;
				CLANG_WARN_SUSPICIOUS_MOVE = YES;
				CLANG_WARN_UNGUARDED_AVAILABILITY = YES_AGGRESSIVE;
				CLANG_WARN_UNREACHABLE_CODE = YES;
				CLANG_WARN__DUPLICATE_METHOD_MATCH = YES;
				COPY_PHASE_STRIP = NO;
				DEBUG_INFORMATION_FORMAT = "dwarf-with-dsym";
				ENABLE_NS_ASSERTIONS = NO;
				ENABLE_STRICT_OBJC_MSGSEND = YES;
				GCC_C_LANGUAGE_STANDARD = gnu11;
				GCC_NO_COMMON_BLOCKS = YES;
				GCC_WARN_64_TO_32_BIT_CONVERSION = YES;
				GCC_WARN_ABOUT_RETURN_TYPE = YES_ERROR;
				GCC_WARN_UNDECLARED_SELECTOR = YES;
				GCC_WARN_UNINITIALIZED_AUTOS = YES_AGGRESSIVE;
				GCC_WARN_UNUSED_FUNCTION = YES;
				GCC_WARN_UNUSED_VARIABLE = YES;
				IPHONEOS_DEPLOYMENT_TARGET = 15.2;
				MTL_ENABLE_DEBUG_INFO = NO;
				MTL_FAST_MATH = YES;
				SDKROOT = iphoneos;
				SWIFT_COMPILATION_MODE = wholemodule;
				SWIFT_OPTIMIZATION_LEVEL = "-O";
				VALIDATE_PRODUCT = YES;
			};
			name = Release;
		};
		6A2788ED27E6190000256A73 /* Debug */ = {
			isa = XCBuildConfiguration;
			buildSettings = {
				ASSETCATALOG_COMPILER_APPICON_NAME = AppIcon;
				ASSETCATALOG_COMPILER_GLOBAL_ACCENT_COLOR_NAME = AccentColor;
				CODE_SIGN_STYLE = Automatic;
				CURRENT_PROJECT_VERSION = 1;
				DEVELOPMENT_ASSET_PATHS = "\"ohio-health/Preview Content\"";
				DEVELOPMENT_TEAM = DU4VFS9793;
				ENABLE_PREVIEWS = YES;
				GENERATE_INFOPLIST_FILE = YES;
				INFOPLIST_KEY_NSMicrophoneUsageDescription = "Microphone used for transcription";
				INFOPLIST_KEY_NSSpeechRecognitionUsageDescription = "Testing Speech Recognition";
				INFOPLIST_KEY_UIApplicationSceneManifest_Generation = YES;
				INFOPLIST_KEY_UIApplicationSupportsIndirectInputEvents = YES;
				INFOPLIST_KEY_UILaunchScreen_Generation = YES;
				INFOPLIST_KEY_UISupportedInterfaceOrientations_iPad = "UIInterfaceOrientationPortrait UIInterfaceOrientationPortraitUpsideDown UIInterfaceOrientationLandscapeLeft UIInterfaceOrientationLandscapeRight";
				INFOPLIST_KEY_UISupportedInterfaceOrientations_iPhone = "UIInterfaceOrientationPortrait UIInterfaceOrientationLandscapeLeft UIInterfaceOrientationLandscapeRight";
				LD_RUNPATH_SEARCH_PATHS = (
					"$(inherited)",
					"@executable_path/Frameworks",
				);
				MARKETING_VERSION = 1.0;
				PRODUCT_BUNDLE_IDENTIFIER = "com.artisticants.ios.ohia-health.ohio-health";
				PRODUCT_NAME = "$(TARGET_NAME)";
				SWIFT_EMIT_LOC_STRINGS = YES;
				SWIFT_VERSION = 5.0;
				TARGETED_DEVICE_FAMILY = 1;
			};
			name = Debug;
		};
		6A2788EE27E6190000256A73 /* Release */ = {
			isa = XCBuildConfiguration;
			buildSettings = {
				ASSETCATALOG_COMPILER_APPICON_NAME = AppIcon;
				ASSETCATALOG_COMPILER_GLOBAL_ACCENT_COLOR_NAME = AccentColor;
				CODE_SIGN_STYLE = Automatic;
				CURRENT_PROJECT_VERSION = 1;
				DEVELOPMENT_ASSET_PATHS = "\"ohio-health/Preview Content\"";
				DEVELOPMENT_TEAM = DU4VFS9793;
				ENABLE_PREVIEWS = YES;
				GENERATE_INFOPLIST_FILE = YES;
				INFOPLIST_KEY_NSMicrophoneUsageDescription = "Microphone used for transcription";
				INFOPLIST_KEY_NSSpeechRecognitionUsageDescription = "Testing Speech Recognition";
				INFOPLIST_KEY_UIApplicationSceneManifest_Generation = YES;
				INFOPLIST_KEY_UIApplicationSupportsIndirectInputEvents = YES;
				INFOPLIST_KEY_UILaunchScreen_Generation = YES;
				INFOPLIST_KEY_UISupportedInterfaceOrientations_iPad = "UIInterfaceOrientationPortrait UIInterfaceOrientationPortraitUpsideDown UIInterfaceOrientationLandscapeLeft UIInterfaceOrientationLandscapeRight";
				INFOPLIST_KEY_UISupportedInterfaceOrientations_iPhone = "UIInterfaceOrientationPortrait UIInterfaceOrientationLandscapeLeft UIInterfaceOrientationLandscapeRight";
				LD_RUNPATH_SEARCH_PATHS = (
					"$(inherited)",
					"@executable_path/Frameworks",
				);
				MARKETING_VERSION = 1.0;
				PRODUCT_BUNDLE_IDENTIFIER = "com.artisticants.ios.ohia-health.ohio-health";
				PRODUCT_NAME = "$(TARGET_NAME)";
				SWIFT_EMIT_LOC_STRINGS = YES;
				SWIFT_VERSION = 5.0;
				TARGETED_DEVICE_FAMILY = 1;
			};
			name = Release;
		};
		6A2788F027E6190000256A73 /* Debug */ = {
			isa = XCBuildConfiguration;
			buildSettings = {
				ALWAYS_EMBED_SWIFT_STANDARD_LIBRARIES = YES;
				BUNDLE_LOADER = "$(TEST_HOST)";
				CODE_SIGN_STYLE = Automatic;
				CURRENT_PROJECT_VERSION = 1;
				DEVELOPMENT_TEAM = DU4VFS9793;
				GENERATE_INFOPLIST_FILE = YES;
				IPHONEOS_DEPLOYMENT_TARGET = 15.2;
				MARKETING_VERSION = 1.0;
				PRODUCT_BUNDLE_IDENTIFIER = "com.artisticants.ios.ohia-health.ohio-healthTests";
				PRODUCT_NAME = "$(TARGET_NAME)";
				SWIFT_EMIT_LOC_STRINGS = NO;
				SWIFT_VERSION = 5.0;
				TARGETED_DEVICE_FAMILY = "1,2";
				TEST_HOST = "$(BUILT_PRODUCTS_DIR)/ohio-health.app/ohio-health";
			};
			name = Debug;
		};
		6A2788F127E6190000256A73 /* Release */ = {
			isa = XCBuildConfiguration;
			buildSettings = {
				ALWAYS_EMBED_SWIFT_STANDARD_LIBRARIES = YES;
				BUNDLE_LOADER = "$(TEST_HOST)";
				CODE_SIGN_STYLE = Automatic;
				CURRENT_PROJECT_VERSION = 1;
				DEVELOPMENT_TEAM = DU4VFS9793;
				GENERATE_INFOPLIST_FILE = YES;
				IPHONEOS_DEPLOYMENT_TARGET = 15.2;
				MARKETING_VERSION = 1.0;
				PRODUCT_BUNDLE_IDENTIFIER = "com.artisticants.ios.ohia-health.ohio-healthTests";
				PRODUCT_NAME = "$(TARGET_NAME)";
				SWIFT_EMIT_LOC_STRINGS = NO;
				SWIFT_VERSION = 5.0;
				TARGETED_DEVICE_FAMILY = "1,2";
				TEST_HOST = "$(BUILT_PRODUCTS_DIR)/ohio-health.app/ohio-health";
			};
			name = Release;
		};
		6A2788F327E6190000256A73 /* Debug */ = {
			isa = XCBuildConfiguration;
			buildSettings = {
				ALWAYS_EMBED_SWIFT_STANDARD_LIBRARIES = YES;
				CODE_SIGN_STYLE = Automatic;
				CURRENT_PROJECT_VERSION = 1;
				DEVELOPMENT_TEAM = DU4VFS9793;
				GENERATE_INFOPLIST_FILE = YES;
				MARKETING_VERSION = 1.0;
				PRODUCT_BUNDLE_IDENTIFIER = "com.artisticants.ios.ohia-health.ohio-healthUITests";
				PRODUCT_NAME = "$(TARGET_NAME)";
				SWIFT_EMIT_LOC_STRINGS = NO;
				SWIFT_VERSION = 5.0;
				TARGETED_DEVICE_FAMILY = "1,2";
				TEST_TARGET_NAME = "ohio-health";
			};
			name = Debug;
		};
		6A2788F427E6190000256A73 /* Release */ = {
			isa = XCBuildConfiguration;
			buildSettings = {
				ALWAYS_EMBED_SWIFT_STANDARD_LIBRARIES = YES;
				CODE_SIGN_STYLE = Automatic;
				CURRENT_PROJECT_VERSION = 1;
				DEVELOPMENT_TEAM = DU4VFS9793;
				GENERATE_INFOPLIST_FILE = YES;
				MARKETING_VERSION = 1.0;
				PRODUCT_BUNDLE_IDENTIFIER = "com.artisticants.ios.ohia-health.ohio-healthUITests";
				PRODUCT_NAME = "$(TARGET_NAME)";
				SWIFT_EMIT_LOC_STRINGS = NO;
				SWIFT_VERSION = 5.0;
				TARGETED_DEVICE_FAMILY = "1,2";
				TEST_TARGET_NAME = "ohio-health";
			};
			name = Release;
		};
/* End XCBuildConfiguration section */

/* Begin XCConfigurationList section */
		6A2788C327E618FE00256A73 /* Build configuration list for PBXProject "ohio-health" */ = {
			isa = XCConfigurationList;
			buildConfigurations = (
				6A2788EA27E6190000256A73 /* Debug */,
				6A2788EB27E6190000256A73 /* Release */,
			);
			defaultConfigurationIsVisible = 0;
			defaultConfigurationName = Release;
		};
		6A2788EC27E6190000256A73 /* Build configuration list for PBXNativeTarget "ohio-health" */ = {
			isa = XCConfigurationList;
			buildConfigurations = (
				6A2788ED27E6190000256A73 /* Debug */,
				6A2788EE27E6190000256A73 /* Release */,
			);
			defaultConfigurationIsVisible = 0;
			defaultConfigurationName = Release;
		};
		6A2788EF27E6190000256A73 /* Build configuration list for PBXNativeTarget "ohio-healthTests" */ = {
			isa = XCConfigurationList;
			buildConfigurations = (
				6A2788F027E6190000256A73 /* Debug */,
				6A2788F127E6190000256A73 /* Release */,
			);
			defaultConfigurationIsVisible = 0;
			defaultConfigurationName = Release;
		};
		6A2788F227E6190000256A73 /* Build configuration list for PBXNativeTarget "ohio-healthUITests" */ = {
			isa = XCConfigurationList;
			buildConfigurations = (
				6A2788F327E6190000256A73 /* Debug */,
				6A2788F427E6190000256A73 /* Release */,
			);
			defaultConfigurationIsVisible = 0;
			defaultConfigurationName = Release;
		};
/* End XCConfigurationList section */
	};
	rootObject = 6A2788C027E618FE00256A73 /* Project object */;
}
